
Microsoft Visual Studio Solution File, Format Version 12.00
# Visual Studio Version 17
VisualStudioVersion = 17.0.31903.59
MinimumVisualStudioVersion = 10.0.40219.1
Project("{9A19103F-16F7-4668-BE54-9A1E7A4F7556}") = "DsaPreparation", "DsaPreparation\DsaPreparation.csproj", "{7DA06158-5A7E-435F-9A66-D45F80CAAD27}"
EndProject
Project("{9A19103F-16F7-4668-BE54-9A1E7A4F7556}") = "Tree", "Tree\Tree.csproj", "{B8794CA4-D500-4695-B9E5-859C2254A535}"
EndProject
Global
	GlobalSection(SolutionConfigurationPlatforms) = preSolution
		Debug|Any CPU = Debug|Any CPU
		Release|Any CPU = Release|Any CPU
	EndGlobalSection
	GlobalSection(ProjectConfigurationPlatforms) = postSolution
		{7DA06158-5A7E-435F-9A66-D45F80CAAD27}.Debug|Any CPU.ActiveCfg = Debug|Any CPU
		{7DA06158-5A7E-435F-9A66-D45F80CAAD27}.Debug|Any CPU.Build.0 = Debug|Any CPU
		{7DA06158-5A7E-435F-9A66-D45F80CAAD27}.Release|Any CPU.ActiveCfg = Release|Any CPU
		{7DA06158-5A7E-435F-9A66-D45F80CAAD27}.Release|Any CPU.Build.0 = Release|Any CPU
		{B8794CA4-D500-4695-B9E5-859C2254A535}.Debug|Any CPU.ActiveCfg = Debug|Any CPU
		{B8794CA4-D500-4695-B9E5-859C2254A535}.Debug|Any CPU.Build.0 = Debug|Any CPU
		{B8794CA4-D500-4695-B9E5-859C2254A535}.Release|Any CPU.ActiveCfg = Release|Any CPU
		{B8794CA4-D500-4695-B9E5-859C2254A535}.Release|Any CPU.Build.0 = Release|Any CPU
	EndGlobalSection
	GlobalSection(SolutionProperties) = preSolution
		HideSolutionNode = FALSE
	EndGlobalSection
	GlobalSection(ExtensibilityGlobals) = postSolution
		SolutionGuid = {702C04AD-D0EB-4776-B9CE-9FE1F6886C10}
	EndGlobalSection
EndGlobal
